// !$*UTF8*$!
{
	archiveVersion = 1;
	classes = {
	};
	objectVersion = 46;
	objects = {

/* Begin PBXBuildFile section */
		036C21F519C48B72004CF459 /* LNKYoutubeSettingsViewController.m in Sources */ = {isa = PBXBuildFile; fileRef = 036C21F419C48B72004CF459 /* LNKYoutubeSettingsViewController.m */; };
		038959DB19C414110089E31B /* LNKPhoneSettingsViewController.m in Sources */ = {isa = PBXBuildFile; fileRef = 038959DA19C414110089E31B /* LNKPhoneSettingsViewController.m */; };
		038959DE19C416B90089E31B /* LNKContactSelectionViewController.m in Sources */ = {isa = PBXBuildFile; fileRef = 038959DD19C416B90089E31B /* LNKContactSelectionViewController.m */; };
		039775D419C3C567000A7FF7 /* Foundation.framework in Frameworks */ = {isa = PBXBuildFile; fileRef = 039775D319C3C567000A7FF7 /* Foundation.framework */; };
		039775D619C3C567000A7FF7 /* CoreGraphics.framework in Frameworks */ = {isa = PBXBuildFile; fileRef = 039775D519C3C567000A7FF7 /* CoreGraphics.framework */; };
		039775D819C3C567000A7FF7 /* UIKit.framework in Frameworks */ = {isa = PBXBuildFile; fileRef = 039775D719C3C567000A7FF7 /* UIKit.framework */; };
		039775DE19C3C567000A7FF7 /* InfoPlist.strings in Resources */ = {isa = PBXBuildFile; fileRef = 039775DC19C3C567000A7FF7 /* InfoPlist.strings */; };
		039775E019C3C567000A7FF7 /* main.m in Sources */ = {isa = PBXBuildFile; fileRef = 039775DF19C3C567000A7FF7 /* main.m */; };
		039775E419C3C567000A7FF7 /* LNKAppDelegate.m in Sources */ = {isa = PBXBuildFile; fileRef = 039775E319C3C567000A7FF7 /* LNKAppDelegate.m */; };
		039775E719C3C567000A7FF7 /* Main.storyboard in Resources */ = {isa = PBXBuildFile; fileRef = 039775E519C3C567000A7FF7 /* Main.storyboard */; };
		039775EA19C3C567000A7FF7 /* LNKViewController.m in Sources */ = {isa = PBXBuildFile; fileRef = 039775E919C3C567000A7FF7 /* LNKViewController.m */; };
		039775EC19C3C567000A7FF7 /* Images.xcassets in Resources */ = {isa = PBXBuildFile; fileRef = 039775EB19C3C567000A7FF7 /* Images.xcassets */; };
		039775F319C3C567000A7FF7 /* XCTest.framework in Frameworks */ = {isa = PBXBuildFile; fileRef = 039775F219C3C567000A7FF7 /* XCTest.framework */; };
		039775F419C3C567000A7FF7 /* Foundation.framework in Frameworks */ = {isa = PBXBuildFile; fileRef = 039775D319C3C567000A7FF7 /* Foundation.framework */; };
		039775F519C3C567000A7FF7 /* UIKit.framework in Frameworks */ = {isa = PBXBuildFile; fileRef = 039775D719C3C567000A7FF7 /* UIKit.framework */; };
		039775FD19C3C567000A7FF7 /* InfoPlist.strings in Resources */ = {isa = PBXBuildFile; fileRef = 039775FB19C3C567000A7FF7 /* InfoPlist.strings */; };
		039775FF19C3C567000A7FF7 /* LinklyyTests.m in Sources */ = {isa = PBXBuildFile; fileRef = 039775FE19C3C567000A7FF7 /* LinklyyTests.m */; };
		03A7892319C428A40056ECAD /* LNKMapsSettingsViewController.m in Sources */ = {isa = PBXBuildFile; fileRef = 03A7892219C428A40056ECAD /* LNKMapsSettingsViewController.m */; };
		03A7892719C42CC60056ECAD /* LNKSpotifySettingsViewController.m in Sources */ = {isa = PBXBuildFile; fileRef = 03A7892619C42CC60056ECAD /* LNKSpotifySettingsViewController.m */; };
		03D7019719C4B05300E4F6A4 /* LNKPinterestSettingsViewController.m in Sources */ = {isa = PBXBuildFile; fileRef = 03D7019619C4B05300E4F6A4 /* LNKPinterestSettingsViewController.m */; };
		03D7019F19C4BFF100E4F6A4 /* StoreKit.framework in Frameworks */ = {isa = PBXBuildFile; fileRef = 03D7019E19C4BFF100E4F6A4 /* StoreKit.framework */; };
		03E5350E19C3CA46001AE495 /* Parse.framework in Frameworks */ = {isa = PBXBuildFile; fileRef = 03E5350B19C3CA46001AE495 /* Parse.framework */; };
		03E5350F19C3CA46001AE495 /* ParseFacebookUtils.framework in Frameworks */ = {isa = PBXBuildFile; fileRef = 03E5350C19C3CA46001AE495 /* ParseFacebookUtils.framework */; };
		03E5351119C3CB94001AE495 /* AudioToolbox.framework in Frameworks */ = {isa = PBXBuildFile; fileRef = 03E5351019C3CB94001AE495 /* AudioToolbox.framework */; };
		03E5351319C3CB98001AE495 /* CFNetwork.framework in Frameworks */ = {isa = PBXBuildFile; fileRef = 03E5351219C3CB98001AE495 /* CFNetwork.framework */; };
		03E5351519C3CBA2001AE495 /* CoreLocation.framework in Frameworks */ = {isa = PBXBuildFile; fileRef = 03E5351419C3CBA2001AE495 /* CoreLocation.framework */; };
		03E5351719C3CBAB001AE495 /* libz.dylib in Frameworks */ = {isa = PBXBuildFile; fileRef = 03E5351619C3CBAB001AE495 /* libz.dylib */; };
		03E5351919C3CBB0001AE495 /* MobileCoreServices.framework in Frameworks */ = {isa = PBXBuildFile; fileRef = 03E5351819C3CBB0001AE495 /* MobileCoreServices.framework */; };
		03E5351B19C3CBB5001AE495 /* QuartzCore.framework in Frameworks */ = {isa = PBXBuildFile; fileRef = 03E5351A19C3CBB5001AE495 /* QuartzCore.framework */; };
		03E5351D19C3CBBA001AE495 /* Security.framework in Frameworks */ = {isa = PBXBuildFile; fileRef = 03E5351C19C3CBBA001AE495 /* Security.framework */; };
		03E5352119C3CBC4001AE495 /* SystemConfiguration.framework in Frameworks */ = {isa = PBXBuildFile; fileRef = 03E5352019C3CBC4001AE495 /* SystemConfiguration.framework */; };
		03E5352319C3CBCA001AE495 /* Twitter.framework in Frameworks */ = {isa = PBXBuildFile; fileRef = 03E5352219C3CBCA001AE495 /* Twitter.framework */; };
		03E5352519C3CC12001AE495 /* FacebookSDK.framework in Frameworks */ = {isa = PBXBuildFile; fileRef = 03E5352419C3CC12001AE495 /* FacebookSDK.framework */; };
		03E5352719C3CC26001AE495 /* Social.framework in Frameworks */ = {isa = PBXBuildFile; fileRef = 03E5352619C3CC26001AE495 /* Social.framework */; };
		03E5352919C3CC2A001AE495 /* Accounts.framework in Frameworks */ = {isa = PBXBuildFile; fileRef = 03E5352819C3CC2A001AE495 /* Accounts.framework */; };
		03E5353219C3CD57001AE495 /* LNKDataManager.m in Sources */ = {isa = PBXBuildFile; fileRef = 03E5353119C3CD57001AE495 /* LNKDataManager.m */; };
		03E5353619C3CD88001AE495 /* LNKLinkManager.m in Sources */ = {isa = PBXBuildFile; fileRef = 03E5353519C3CD88001AE495 /* LNKLinkManager.m */; };
		03E5353A19C3F366001AE495 /* NSDictionary+URLEncoding.m in Sources */ = {isa = PBXBuildFile; fileRef = 03E5353919C3F366001AE495 /* NSDictionary+URLEncoding.m */; };
		03FE4E4919C405FA0014FF33 /* LNKAppListViewController.m in Sources */ = {isa = PBXBuildFile; fileRef = 03FE4E4819C405FA0014FF33 /* LNKAppListViewController.m */; };
		5813CF4E19C5182A009DFE34 /* LNKYelpSettingsViewController.m in Sources */ = {isa = PBXBuildFile; fileRef = 5813CF4D19C5182A009DFE34 /* LNKYelpSettingsViewController.m */; };
		581CD8F219C50A25007E10ED /* LNKWzeSettingsViewController.m in Sources */ = {isa = PBXBuildFile; fileRef = 581CD8F019C50A25007E10ED /* LNKWzeSettingsViewController.m */; };
		581EF19019C435550039F79D /* LNKFacetimeSettingsViewController.m in Sources */ = {isa = PBXBuildFile; fileRef = 581EF18E19C435550039F79D /* LNKFacetimeSettingsViewController.m */; };
		58A96BCC19C43DC2006E2D63 /* LNKEmailViewController.m in Sources */ = {isa = PBXBuildFile; fileRef = 58A96BCB19C43DC2006E2D63 /* LNKEmailViewController.m */; };
		58F0F55819C45918000A5C38 /* LNKSMSSettingsViewController.m in Sources */ = {isa = PBXBuildFile; fileRef = 58F0F55619C45918000A5C38 /* LNKSMSSettingsViewController.m */; };
		58F0F55C19C45F88000A5C38 /* LNKTwitterSettingsViewController.m in Sources */ = {isa = PBXBuildFile; fileRef = 58F0F55A19C45F88000A5C38 /* LNKTwitterSettingsViewController.m */; };
		5EC886C843BB4CB0A95183A1 /* libPods.a in Frameworks */ = {isa = PBXBuildFile; fileRef = FBE45F396D1342C68693711E /* libPods.a */; };
/* End PBXBuildFile section */

/* Begin PBXContainerItemProxy section */
		039775F619C3C567000A7FF7 /* PBXContainerItemProxy */ = {
			isa = PBXContainerItemProxy;
			containerPortal = 039775C819C3C567000A7FF7 /* Project object */;
			proxyType = 1;
			remoteGlobalIDString = 039775CF19C3C567000A7FF7;
			remoteInfo = Linklyy;
		};
/* End PBXContainerItemProxy section */

/* Begin PBXFileReference section */
		036C21F319C48B72004CF459 /* LNKYoutubeSettingsViewController.h */ = {isa = PBXFileReference; fileEncoding = 4; lastKnownFileType = sourcecode.c.h; path = LNKYoutubeSettingsViewController.h; sourceTree = "<group>"; };
		036C21F419C48B72004CF459 /* LNKYoutubeSettingsViewController.m */ = {isa = PBXFileReference; fileEncoding = 4; lastKnownFileType = sourcecode.c.objc; path = LNKYoutubeSettingsViewController.m; sourceTree = "<group>"; };
		038959D919C414110089E31B /* LNKPhoneSettingsViewController.h */ = {isa = PBXFileReference; fileEncoding = 4; lastKnownFileType = sourcecode.c.h; path = LNKPhoneSettingsViewController.h; sourceTree = "<group>"; };
		038959DA19C414110089E31B /* LNKPhoneSettingsViewController.m */ = {isa = PBXFileReference; fileEncoding = 4; lastKnownFileType = sourcecode.c.objc; path = LNKPhoneSettingsViewController.m; sourceTree = "<group>"; };
		038959DC19C416B90089E31B /* LNKContactSelectionViewController.h */ = {isa = PBXFileReference; fileEncoding = 4; lastKnownFileType = sourcecode.c.h; path = LNKContactSelectionViewController.h; sourceTree = "<group>"; };
		038959DD19C416B90089E31B /* LNKContactSelectionViewController.m */ = {isa = PBXFileReference; fileEncoding = 4; lastKnownFileType = sourcecode.c.objc; path = LNKContactSelectionViewController.m; sourceTree = "<group>"; };
		039775D019C3C567000A7FF7 /* Linklyy.app */ = {isa = PBXFileReference; explicitFileType = wrapper.application; includeInIndex = 0; path = Linklyy.app; sourceTree = BUILT_PRODUCTS_DIR; };
		039775D319C3C567000A7FF7 /* Foundation.framework */ = {isa = PBXFileReference; lastKnownFileType = wrapper.framework; name = Foundation.framework; path = System/Library/Frameworks/Foundation.framework; sourceTree = SDKROOT; };
		039775D519C3C567000A7FF7 /* CoreGraphics.framework */ = {isa = PBXFileReference; lastKnownFileType = wrapper.framework; name = CoreGraphics.framework; path = System/Library/Frameworks/CoreGraphics.framework; sourceTree = SDKROOT; };
		039775D719C3C567000A7FF7 /* UIKit.framework */ = {isa = PBXFileReference; lastKnownFileType = wrapper.framework; name = UIKit.framework; path = System/Library/Frameworks/UIKit.framework; sourceTree = SDKROOT; };
		039775DB19C3C567000A7FF7 /* Linklyy-Info.plist */ = {isa = PBXFileReference; lastKnownFileType = text.plist.xml; path = "Linklyy-Info.plist"; sourceTree = "<group>"; };
		039775DD19C3C567000A7FF7 /* en */ = {isa = PBXFileReference; lastKnownFileType = text.plist.strings; name = en; path = en.lproj/InfoPlist.strings; sourceTree = "<group>"; };
		039775DF19C3C567000A7FF7 /* main.m */ = {isa = PBXFileReference; lastKnownFileType = sourcecode.c.objc; path = main.m; sourceTree = "<group>"; };
		039775E119C3C567000A7FF7 /* Linklyy-Prefix.pch */ = {isa = PBXFileReference; lastKnownFileType = sourcecode.c.h; path = "Linklyy-Prefix.pch"; sourceTree = "<group>"; };
		039775E219C3C567000A7FF7 /* LNKAppDelegate.h */ = {isa = PBXFileReference; lastKnownFileType = sourcecode.c.h; path = LNKAppDelegate.h; sourceTree = "<group>"; };
		039775E319C3C567000A7FF7 /* LNKAppDelegate.m */ = {isa = PBXFileReference; lastKnownFileType = sourcecode.c.objc; path = LNKAppDelegate.m; sourceTree = "<group>"; };
		039775E619C3C567000A7FF7 /* Base */ = {isa = PBXFileReference; lastKnownFileType = file.storyboard; name = Base; path = Base.lproj/Main.storyboard; sourceTree = "<group>"; };
		039775E819C3C567000A7FF7 /* LNKViewController.h */ = {isa = PBXFileReference; lastKnownFileType = sourcecode.c.h; path = LNKViewController.h; sourceTree = "<group>"; };
		039775E919C3C567000A7FF7 /* LNKViewController.m */ = {isa = PBXFileReference; lastKnownFileType = sourcecode.c.objc; path = LNKViewController.m; sourceTree = "<group>"; };
		039775EB19C3C567000A7FF7 /* Images.xcassets */ = {isa = PBXFileReference; lastKnownFileType = folder.assetcatalog; path = Images.xcassets; sourceTree = "<group>"; };
		039775F119C3C567000A7FF7 /* LinklyyTests.xctest */ = {isa = PBXFileReference; explicitFileType = wrapper.cfbundle; includeInIndex = 0; path = LinklyyTests.xctest; sourceTree = BUILT_PRODUCTS_DIR; };
		039775F219C3C567000A7FF7 /* XCTest.framework */ = {isa = PBXFileReference; lastKnownFileType = wrapper.framework; name = XCTest.framework; path = Library/Frameworks/XCTest.framework; sourceTree = DEVELOPER_DIR; };
		039775FA19C3C567000A7FF7 /* LinklyyTests-Info.plist */ = {isa = PBXFileReference; lastKnownFileType = text.plist.xml; path = "LinklyyTests-Info.plist"; sourceTree = "<group>"; };
		039775FC19C3C567000A7FF7 /* en */ = {isa = PBXFileReference; lastKnownFileType = text.plist.strings; name = en; path = en.lproj/InfoPlist.strings; sourceTree = "<group>"; };
		039775FE19C3C567000A7FF7 /* LinklyyTests.m */ = {isa = PBXFileReference; lastKnownFileType = sourcecode.c.objc; path = LinklyyTests.m; sourceTree = "<group>"; };
		03A7892119C428A40056ECAD /* LNKMapsSettingsViewController.h */ = {isa = PBXFileReference; fileEncoding = 4; lastKnownFileType = sourcecode.c.h; path = LNKMapsSettingsViewController.h; sourceTree = "<group>"; };
		03A7892219C428A40056ECAD /* LNKMapsSettingsViewController.m */ = {isa = PBXFileReference; fileEncoding = 4; lastKnownFileType = sourcecode.c.objc; path = LNKMapsSettingsViewController.m; sourceTree = "<group>"; };
		03A7892519C42CC60056ECAD /* LNKSpotifySettingsViewController.h */ = {isa = PBXFileReference; fileEncoding = 4; lastKnownFileType = sourcecode.c.h; path = LNKSpotifySettingsViewController.h; sourceTree = "<group>"; };
		03A7892619C42CC60056ECAD /* LNKSpotifySettingsViewController.m */ = {isa = PBXFileReference; fileEncoding = 4; lastKnownFileType = sourcecode.c.objc; path = LNKSpotifySettingsViewController.m; sourceTree = "<group>"; };
		03D7019519C4B05300E4F6A4 /* LNKPinterestSettingsViewController.h */ = {isa = PBXFileReference; fileEncoding = 4; lastKnownFileType = sourcecode.c.h; path = LNKPinterestSettingsViewController.h; sourceTree = "<group>"; };
		03D7019619C4B05300E4F6A4 /* LNKPinterestSettingsViewController.m */ = {isa = PBXFileReference; fileEncoding = 4; lastKnownFileType = sourcecode.c.objc; path = LNKPinterestSettingsViewController.m; sourceTree = "<group>"; };
		03D7019C19C4BF7100E4F6A4 /* UIWebClip+Private.h */ = {isa = PBXFileReference; lastKnownFileType = sourcecode.c.h; path = "UIWebClip+Private.h"; sourceTree = "<group>"; };
		03D7019E19C4BFF100E4F6A4 /* StoreKit.framework */ = {isa = PBXFileReference; lastKnownFileType = wrapper.framework; name = StoreKit.framework; path = System/Library/Frameworks/StoreKit.framework; sourceTree = SDKROOT; };
		03E5350B19C3CA46001AE495 /* Parse.framework */ = {isa = PBXFileReference; lastKnownFileType = wrapper.framework; path = Parse.framework; sourceTree = "<group>"; };
		03E5350C19C3CA46001AE495 /* ParseFacebookUtils.framework */ = {isa = PBXFileReference; lastKnownFileType = wrapper.framework; path = ParseFacebookUtils.framework; sourceTree = "<group>"; };
		03E5351019C3CB94001AE495 /* AudioToolbox.framework */ = {isa = PBXFileReference; lastKnownFileType = wrapper.framework; name = AudioToolbox.framework; path = System/Library/Frameworks/AudioToolbox.framework; sourceTree = SDKROOT; };
		03E5351219C3CB98001AE495 /* CFNetwork.framework */ = {isa = PBXFileReference; lastKnownFileType = wrapper.framework; name = CFNetwork.framework; path = System/Library/Frameworks/CFNetwork.framework; sourceTree = SDKROOT; };
		03E5351419C3CBA2001AE495 /* CoreLocation.framework */ = {isa = PBXFileReference; lastKnownFileType = wrapper.framework; name = CoreLocation.framework; path = System/Library/Frameworks/CoreLocation.framework; sourceTree = SDKROOT; };
		03E5351619C3CBAB001AE495 /* libz.dylib */ = {isa = PBXFileReference; lastKnownFileType = "compiled.mach-o.dylib"; name = libz.dylib; path = usr/lib/libz.dylib; sourceTree = SDKROOT; };
		03E5351819C3CBB0001AE495 /* MobileCoreServices.framework */ = {isa = PBXFileReference; lastKnownFileType = wrapper.framework; name = MobileCoreServices.framework; path = System/Library/Frameworks/MobileCoreServices.framework; sourceTree = SDKROOT; };
		03E5351A19C3CBB5001AE495 /* QuartzCore.framework */ = {isa = PBXFileReference; lastKnownFileType = wrapper.framework; name = QuartzCore.framework; path = System/Library/Frameworks/QuartzCore.framework; sourceTree = SDKROOT; };
		03E5351C19C3CBBA001AE495 /* Security.framework */ = {isa = PBXFileReference; lastKnownFileType = wrapper.framework; name = Security.framework; path = System/Library/Frameworks/Security.framework; sourceTree = SDKROOT; };
		03E5352019C3CBC4001AE495 /* SystemConfiguration.framework */ = {isa = PBXFileReference; lastKnownFileType = wrapper.framework; name = SystemConfiguration.framework; path = System/Library/Frameworks/SystemConfiguration.framework; sourceTree = SDKROOT; };
		03E5352219C3CBCA001AE495 /* Twitter.framework */ = {isa = PBXFileReference; lastKnownFileType = wrapper.framework; name = Twitter.framework; path = System/Library/Frameworks/Twitter.framework; sourceTree = SDKROOT; };
		03E5352419C3CC12001AE495 /* FacebookSDK.framework */ = {isa = PBXFileReference; lastKnownFileType = wrapper.framework; path = FacebookSDK.framework; sourceTree = "<group>"; };
		03E5352619C3CC26001AE495 /* Social.framework */ = {isa = PBXFileReference; lastKnownFileType = wrapper.framework; name = Social.framework; path = System/Library/Frameworks/Social.framework; sourceTree = SDKROOT; };
		03E5352819C3CC2A001AE495 /* Accounts.framework */ = {isa = PBXFileReference; lastKnownFileType = wrapper.framework; name = Accounts.framework; path = System/Library/Frameworks/Accounts.framework; sourceTree = SDKROOT; };
		03E5352C19C3CC77001AE495 /* LNKDefines.h */ = {isa = PBXFileReference; fileEncoding = 4; lastKnownFileType = sourcecode.c.h; path = LNKDefines.h; sourceTree = "<group>"; };
		03E5353019C3CD57001AE495 /* LNKDataManager.h */ = {isa = PBXFileReference; fileEncoding = 4; lastKnownFileType = sourcecode.c.h; path = LNKDataManager.h; sourceTree = "<group>"; };
		03E5353119C3CD57001AE495 /* LNKDataManager.m */ = {isa = PBXFileReference; fileEncoding = 4; lastKnownFileType = sourcecode.c.objc; path = LNKDataManager.m; sourceTree = "<group>"; };
		03E5353419C3CD88001AE495 /* LNKLinkManager.h */ = {isa = PBXFileReference; fileEncoding = 4; lastKnownFileType = sourcecode.c.h; path = LNKLinkManager.h; sourceTree = "<group>"; };
		03E5353519C3CD88001AE495 /* LNKLinkManager.m */ = {isa = PBXFileReference; fileEncoding = 4; lastKnownFileType = sourcecode.c.objc; path = LNKLinkManager.m; sourceTree = "<group>"; };
		03E5353819C3F366001AE495 /* NSDictionary+URLEncoding.h */ = {isa = PBXFileReference; fileEncoding = 4; lastKnownFileType = sourcecode.c.h; path = "NSDictionary+URLEncoding.h"; sourceTree = "<group>"; };
		03E5353919C3F366001AE495 /* NSDictionary+URLEncoding.m */ = {isa = PBXFileReference; fileEncoding = 4; lastKnownFileType = sourcecode.c.objc; path = "NSDictionary+URLEncoding.m"; sourceTree = "<group>"; };
		03FE4E4719C405FA0014FF33 /* LNKAppListViewController.h */ = {isa = PBXFileReference; fileEncoding = 4; lastKnownFileType = sourcecode.c.h; path = LNKAppListViewController.h; sourceTree = "<group>"; };
		03FE4E4819C405FA0014FF33 /* LNKAppListViewController.m */ = {isa = PBXFileReference; fileEncoding = 4; lastKnownFileType = sourcecode.c.objc; path = LNKAppListViewController.m; sourceTree = "<group>"; };
		5813CF4C19C5182A009DFE34 /* LNKYelpSettingsViewController.h */ = {isa = PBXFileReference; fileEncoding = 4; lastKnownFileType = sourcecode.c.h; path = LNKYelpSettingsViewController.h; sourceTree = "<group>"; };
		5813CF4D19C5182A009DFE34 /* LNKYelpSettingsViewController.m */ = {isa = PBXFileReference; fileEncoding = 4; lastKnownFileType = sourcecode.c.objc; path = LNKYelpSettingsViewController.m; sourceTree = "<group>"; };
		581CD8F019C50A25007E10ED /* LNKWzeSettingsViewController.m */ = {isa = PBXFileReference; fileEncoding = 4; lastKnownFileType = sourcecode.c.objc; path = LNKWzeSettingsViewController.m; sourceTree = "<group>"; };
		581CD8F119C50A25007E10ED /* LNKWazeSettingsViewController.h */ = {isa = PBXFileReference; fileEncoding = 4; lastKnownFileType = sourcecode.c.h; path = LNKWazeSettingsViewController.h; sourceTree = "<group>"; };
		581EF18E19C435550039F79D /* LNKFacetimeSettingsViewController.m */ = {isa = PBXFileReference; fileEncoding = 4; lastKnownFileType = sourcecode.c.objc; path = LNKFacetimeSettingsViewController.m; sourceTree = "<group>"; };
		581EF18F19C435550039F79D /* LNKFacetimeSettingsViewController.h */ = {isa = PBXFileReference; fileEncoding = 4; lastKnownFileType = sourcecode.c.h; path = LNKFacetimeSettingsViewController.h; sourceTree = "<group>"; };
		58A96BCA19C43DC2006E2D63 /* LNKEmailViewController.h */ = {isa = PBXFileReference; fileEncoding = 4; lastKnownFileType = sourcecode.c.h; path = LNKEmailViewController.h; sourceTree = "<group>"; };
		58A96BCB19C43DC2006E2D63 /* LNKEmailViewController.m */ = {isa = PBXFileReference; fileEncoding = 4; lastKnownFileType = sourcecode.c.objc; path = LNKEmailViewController.m; sourceTree = "<group>"; };
		58F0F55619C45918000A5C38 /* LNKSMSSettingsViewController.m */ = {isa = PBXFileReference; fileEncoding = 4; lastKnownFileType = sourcecode.c.objc; path = LNKSMSSettingsViewController.m; sourceTree = "<group>"; };
		58F0F55719C45918000A5C38 /* LNKSMSSettingsViewController.h */ = {isa = PBXFileReference; fileEncoding = 4; lastKnownFileType = sourcecode.c.h; path = LNKSMSSettingsViewController.h; sourceTree = "<group>"; };
		58F0F55A19C45F88000A5C38 /* LNKTwitterSettingsViewController.m */ = {isa = PBXFileReference; fileEncoding = 4; lastKnownFileType = sourcecode.c.objc; path = LNKTwitterSettingsViewController.m; sourceTree = "<group>"; };
		58F0F55B19C45F88000A5C38 /* LNKTwitterSettingsViewController.h */ = {isa = PBXFileReference; fileEncoding = 4; lastKnownFileType = sourcecode.c.h; path = LNKTwitterSettingsViewController.h; sourceTree = "<group>"; };
		A6761D3C65B4495FA22B0A78 /* Pods.xcconfig */ = {isa = PBXFileReference; includeInIndex = 1; lastKnownFileType = text.xcconfig; name = Pods.xcconfig; path = Pods/Pods.xcconfig; sourceTree = "<group>"; };
		FBE45F396D1342C68693711E /* libPods.a */ = {isa = PBXFileReference; explicitFileType = archive.ar; includeInIndex = 0; path = libPods.a; sourceTree = BUILT_PRODUCTS_DIR; };
/* End PBXFileReference section */

/* Begin PBXFrameworksBuildPhase section */
		039775CD19C3C567000A7FF7 /* Frameworks */ = {
			isa = PBXFrameworksBuildPhase;
			buildActionMask = 2147483647;
			files = (
				03D7019F19C4BFF100E4F6A4 /* StoreKit.framework in Frameworks */,
				03E5352919C3CC2A001AE495 /* Accounts.framework in Frameworks */,
				03E5352719C3CC26001AE495 /* Social.framework in Frameworks */,
				03E5352319C3CBCA001AE495 /* Twitter.framework in Frameworks */,
				03E5352119C3CBC4001AE495 /* SystemConfiguration.framework in Frameworks */,
				03E5351D19C3CBBA001AE495 /* Security.framework in Frameworks */,
				03E5351B19C3CBB5001AE495 /* QuartzCore.framework in Frameworks */,
				03E5352519C3CC12001AE495 /* FacebookSDK.framework in Frameworks */,
				03E5351919C3CBB0001AE495 /* MobileCoreServices.framework in Frameworks */,
				03E5351719C3CBAB001AE495 /* libz.dylib in Frameworks */,
				03E5351519C3CBA2001AE495 /* CoreLocation.framework in Frameworks */,
				039775D619C3C567000A7FF7 /* CoreGraphics.framework in Frameworks */,
				03E5351319C3CB98001AE495 /* CFNetwork.framework in Frameworks */,
				03E5351119C3CB94001AE495 /* AudioToolbox.framework in Frameworks */,
				03E5350F19C3CA46001AE495 /* ParseFacebookUtils.framework in Frameworks */,
				039775D819C3C567000A7FF7 /* UIKit.framework in Frameworks */,
				039775D419C3C567000A7FF7 /* Foundation.framework in Frameworks */,
				03E5350E19C3CA46001AE495 /* Parse.framework in Frameworks */,
				5EC886C843BB4CB0A95183A1 /* libPods.a in Frameworks */,
			);
			runOnlyForDeploymentPostprocessing = 0;
		};
		039775EE19C3C567000A7FF7 /* Frameworks */ = {
			isa = PBXFrameworksBuildPhase;
			buildActionMask = 2147483647;
			files = (
				039775F319C3C567000A7FF7 /* XCTest.framework in Frameworks */,
				039775F519C3C567000A7FF7 /* UIKit.framework in Frameworks */,
				039775F419C3C567000A7FF7 /* Foundation.framework in Frameworks */,
			);
			runOnlyForDeploymentPostprocessing = 0;
		};
/* End PBXFrameworksBuildPhase section */

/* Begin PBXGroup section */
		036C21F619C48B77004CF459 /* Youtube */ = {
			isa = PBXGroup;
			children = (
				036C21F319C48B72004CF459 /* LNKYoutubeSettingsViewController.h */,
				036C21F419C48B72004CF459 /* LNKYoutubeSettingsViewController.m */,
			);
			name = Youtube;
			sourceTree = "<group>";
		};
		038959D819C414080089E31B /* Phone */ = {
			isa = PBXGroup;
			children = (
				038959D919C414110089E31B /* LNKPhoneSettingsViewController.h */,
				038959DA19C414110089E31B /* LNKPhoneSettingsViewController.m */,
				038959DC19C416B90089E31B /* LNKContactSelectionViewController.h */,
				038959DD19C416B90089E31B /* LNKContactSelectionViewController.m */,
			);
			name = Phone;
			sourceTree = "<group>";
		};
		039775C719C3C567000A7FF7 = {
			isa = PBXGroup;
			children = (
				039775D919C3C567000A7FF7 /* Linklyy */,
				039775F819C3C567000A7FF7 /* LinklyyTests */,
				039775D219C3C567000A7FF7 /* Frameworks */,
				039775D119C3C567000A7FF7 /* Products */,
				A6761D3C65B4495FA22B0A78 /* Pods.xcconfig */,
			);
			sourceTree = "<group>";
		};
		039775D119C3C567000A7FF7 /* Products */ = {
			isa = PBXGroup;
			children = (
				039775D019C3C567000A7FF7 /* Linklyy.app */,
				039775F119C3C567000A7FF7 /* LinklyyTests.xctest */,
			);
			name = Products;
			sourceTree = "<group>";
		};
		039775D219C3C567000A7FF7 /* Frameworks */ = {
			isa = PBXGroup;
			children = (
				03D7019E19C4BFF100E4F6A4 /* StoreKit.framework */,
				03D7019C19C4BF7100E4F6A4 /* UIWebClip+Private.h */,
				03E5352819C3CC2A001AE495 /* Accounts.framework */,
				03E5352619C3CC26001AE495 /* Social.framework */,
				03E5352419C3CC12001AE495 /* FacebookSDK.framework */,
				03E5352219C3CBCA001AE495 /* Twitter.framework */,
				03E5352019C3CBC4001AE495 /* SystemConfiguration.framework */,
				03E5351C19C3CBBA001AE495 /* Security.framework */,
				03E5351A19C3CBB5001AE495 /* QuartzCore.framework */,
				03E5351819C3CBB0001AE495 /* MobileCoreServices.framework */,
				03E5351619C3CBAB001AE495 /* libz.dylib */,
				03E5351419C3CBA2001AE495 /* CoreLocation.framework */,
				03E5351219C3CB98001AE495 /* CFNetwork.framework */,
				03E5351019C3CB94001AE495 /* AudioToolbox.framework */,
				03E5350B19C3CA46001AE495 /* Parse.framework */,
				03E5350C19C3CA46001AE495 /* ParseFacebookUtils.framework */,
				039775D319C3C567000A7FF7 /* Foundation.framework */,
				039775D519C3C567000A7FF7 /* CoreGraphics.framework */,
				039775D719C3C567000A7FF7 /* UIKit.framework */,
				039775F219C3C567000A7FF7 /* XCTest.framework */,
				FBE45F396D1342C68693711E /* libPods.a */,
			);
			name = Frameworks;
			sourceTree = "<group>";
		};
		039775D919C3C567000A7FF7 /* Linklyy */ = {
			isa = PBXGroup;
			children = (
				039775E519C3C567000A7FF7 /* Main.storyboard */,
				03E5352A19C3CC4D001AE495 /* AppDelegate */,
				03E5352F19C3CD08001AE495 /* Communication */,
				03E5352B19C3CC5A001AE495 /* Defines */,
				03E5353319C3CD76001AE495 /* Link Utilities */,
				03E5353719C3F338001AE495 /* Subclasses */,
				03E5352E19C3CC90001AE495 /* Subviews */,
				03E5352D19C3CC81001AE495 /* ViewControllers */,
				039775EB19C3C567000A7FF7 /* Images.xcassets */,
				039775DA19C3C567000A7FF7 /* Supporting Files */,
			);
			path = Linklyy;
			sourceTree = "<group>";
		};
		039775DA19C3C567000A7FF7 /* Supporting Files */ = {
			isa = PBXGroup;
			children = (
				039775DB19C3C567000A7FF7 /* Linklyy-Info.plist */,
				039775DC19C3C567000A7FF7 /* InfoPlist.strings */,
				039775DF19C3C567000A7FF7 /* main.m */,
				039775E119C3C567000A7FF7 /* Linklyy-Prefix.pch */,
			);
			name = "Supporting Files";
			sourceTree = "<group>";
		};
		039775F819C3C567000A7FF7 /* LinklyyTests */ = {
			isa = PBXGroup;
			children = (
				039775FE19C3C567000A7FF7 /* LinklyyTests.m */,
				039775F919C3C567000A7FF7 /* Supporting Files */,
			);
			path = LinklyyTests;
			sourceTree = "<group>";
		};
		039775F919C3C567000A7FF7 /* Supporting Files */ = {
			isa = PBXGroup;
			children = (
				039775FA19C3C567000A7FF7 /* LinklyyTests-Info.plist */,
				039775FB19C3C567000A7FF7 /* InfoPlist.strings */,
			);
			name = "Supporting Files";
			sourceTree = "<group>";
		};
		03A7892019C4289A0056ECAD /* Maps */ = {
			isa = PBXGroup;
			children = (
				03A7892119C428A40056ECAD /* LNKMapsSettingsViewController.h */,
				03A7892219C428A40056ECAD /* LNKMapsSettingsViewController.m */,
			);
			name = Maps;
			sourceTree = "<group>";
		};
		03A7892419C42C610056ECAD /* Spotify */ = {
			isa = PBXGroup;
			children = (
				03A7892519C42CC60056ECAD /* LNKSpotifySettingsViewController.h */,
				03A7892619C42CC60056ECAD /* LNKSpotifySettingsViewController.m */,
			);
			name = Spotify;
			sourceTree = "<group>";
		};
		03D7019819C4B05700E4F6A4 /* Pinterest */ = {
			isa = PBXGroup;
			children = (
				03D7019519C4B05300E4F6A4 /* LNKPinterestSettingsViewController.h */,
				03D7019619C4B05300E4F6A4 /* LNKPinterestSettingsViewController.m */,
			);
			name = Pinterest;
			sourceTree = "<group>";
		};
		03E5352A19C3CC4D001AE495 /* AppDelegate */ = {
			isa = PBXGroup;
			children = (
				039775E219C3C567000A7FF7 /* LNKAppDelegate.h */,
				039775E319C3C567000A7FF7 /* LNKAppDelegate.m */,
			);
			name = AppDelegate;
			sourceTree = "<group>";
		};
		03E5352B19C3CC5A001AE495 /* Defines */ = {
			isa = PBXGroup;
			children = (
				03E5352C19C3CC77001AE495 /* LNKDefines.h */,
			);
			name = Defines;
			sourceTree = "<group>";
		};
		03E5352D19C3CC81001AE495 /* ViewControllers */ = {
			isa = PBXGroup;
			children = (
				03FE4E4B19C4060F0014FF33 /* App Settings */,
				03FE4E4A19C406020014FF33 /* App List */,
				039775E819C3C567000A7FF7 /* LNKViewController.h */,
				039775E919C3C567000A7FF7 /* LNKViewController.m */,
			);
			name = ViewControllers;
			sourceTree = "<group>";
		};
		03E5352E19C3CC90001AE495 /* Subviews */ = {
			isa = PBXGroup;
			children = (
			);
			name = Subviews;
			sourceTree = "<group>";
		};
		03E5352F19C3CD08001AE495 /* Communication */ = {
			isa = PBXGroup;
			children = (
				03E5353019C3CD57001AE495 /* LNKDataManager.h */,
				03E5353119C3CD57001AE495 /* LNKDataManager.m */,
			);
			name = Communication;
			sourceTree = "<group>";
		};
		03E5353319C3CD76001AE495 /* Link Utilities */ = {
			isa = PBXGroup;
			children = (
				03E5353419C3CD88001AE495 /* LNKLinkManager.h */,
				03E5353519C3CD88001AE495 /* LNKLinkManager.m */,
			);
			name = "Link Utilities";
			sourceTree = "<group>";
		};
		03E5353719C3F338001AE495 /* Subclasses */ = {
			isa = PBXGroup;
			children = (
				03E5353819C3F366001AE495 /* NSDictionary+URLEncoding.h */,
				03E5353919C3F366001AE495 /* NSDictionary+URLEncoding.m */,
			);
			name = Subclasses;
			sourceTree = "<group>";
		};
		03FE4E4A19C406020014FF33 /* App List */ = {
			isa = PBXGroup;
			children = (
				03FE4E4719C405FA0014FF33 /* LNKAppListViewController.h */,
				03FE4E4819C405FA0014FF33 /* LNKAppListViewController.m */,
			);
			name = "App List";
			sourceTree = "<group>";
		};
		03FE4E4B19C4060F0014FF33 /* App Settings */ = {
			isa = PBXGroup;
			children = (
				5813CF4B19C5181D009DFE34 /* Yelp */,
				581CD8EF19C50931007E10ED /* Waze */,
				58F0F55919C45ECB000A5C38 /* Twitter */,
				58F0F55219C45832000A5C38 /* SMS */,
				58A96BC919C43D01006E2D63 /* Email */,
				03A7892419C42C610056ECAD /* Spotify */,
				03A7892019C4289A0056ECAD /* Maps */,
				581EF18519C42F960039F79D /* Facetime */,
				038959D819C414080089E31B /* Phone */,
				036C21F619C48B77004CF459 /* Youtube */,
				03D7019819C4B05700E4F6A4 /* Pinterest */,
			);
			name = "App Settings";
			sourceTree = "<group>";
		};
		5813CF4B19C5181D009DFE34 /* Yelp */ = {
			isa = PBXGroup;
			children = (
				5813CF4C19C5182A009DFE34 /* LNKYelpSettingsViewController.h */,
				5813CF4D19C5182A009DFE34 /* LNKYelpSettingsViewController.m */,
			);
			name = Yelp;
			sourceTree = "<group>";
		};
		581CD8EF19C50931007E10ED /* Waze */ = {
			isa = PBXGroup;
			children = (
				581CD8F019C50A25007E10ED /* LNKWzeSettingsViewController.m */,
				581CD8F119C50A25007E10ED /* LNKWazeSettingsViewController.h */,
			);
			name = Waze;
			sourceTree = "<group>";
		};
		581EF18519C42F960039F79D /* Facetime */ = {
			isa = PBXGroup;
			children = (
				581EF18F19C435550039F79D /* LNKFacetimeSettingsViewController.h */,
				581EF18E19C435550039F79D /* LNKFacetimeSettingsViewController.m */,
			);
			name = Facetime;
			sourceTree = "<group>";
		};
		58A96BC919C43D01006E2D63 /* Email */ = {
			isa = PBXGroup;
			children = (
				58A96BCA19C43DC2006E2D63 /* LNKEmailViewController.h */,
				58A96BCB19C43DC2006E2D63 /* LNKEmailViewController.m */,
			);
			name = Email;
			sourceTree = "<group>";
		};
		58F0F55219C45832000A5C38 /* SMS */ = {
			isa = PBXGroup;
			children = (
				58F0F55719C45918000A5C38 /* LNKSMSSettingsViewController.h */,
				58F0F55619C45918000A5C38 /* LNKSMSSettingsViewController.m */,
			);
			name = SMS;
			sourceTree = "<group>";
		};
		58F0F55919C45ECB000A5C38 /* Twitter */ = {
			isa = PBXGroup;
			children = (
				58F0F55B19C45F88000A5C38 /* LNKTwitterSettingsViewController.h */,
				58F0F55A19C45F88000A5C38 /* LNKTwitterSettingsViewController.m */,
			);
			name = Twitter;
			sourceTree = "<group>";
		};
/* End PBXGroup section */

/* Begin PBXNativeTarget section */
		039775CF19C3C567000A7FF7 /* Linklyy */ = {
			isa = PBXNativeTarget;
			buildConfigurationList = 0397760219C3C567000A7FF7 /* Build configuration list for PBXNativeTarget "Linklyy" */;
			buildPhases = (
				B032928F31A64E19BC834EF0 /* Check Pods Manifest.lock */,
				039775CC19C3C567000A7FF7 /* Sources */,
				039775CD19C3C567000A7FF7 /* Frameworks */,
				039775CE19C3C567000A7FF7 /* Resources */,
				FF80E4E22D4F46068352FCD7 /* Copy Pods Resources */,
			);
			buildRules = (
			);
			dependencies = (
			);
			name = Linklyy;
			productName = Linklyy;
			productReference = 039775D019C3C567000A7FF7 /* Linklyy.app */;
			productType = "com.apple.product-type.application";
		};
		039775F019C3C567000A7FF7 /* LinklyyTests */ = {
			isa = PBXNativeTarget;
			buildConfigurationList = 0397760519C3C567000A7FF7 /* Build configuration list for PBXNativeTarget "LinklyyTests" */;
			buildPhases = (
				039775ED19C3C567000A7FF7 /* Sources */,
				039775EE19C3C567000A7FF7 /* Frameworks */,
				039775EF19C3C567000A7FF7 /* Resources */,
			);
			buildRules = (
			);
			dependencies = (
				039775F719C3C567000A7FF7 /* PBXTargetDependency */,
			);
			name = LinklyyTests;
			productName = LinklyyTests;
			productReference = 039775F119C3C567000A7FF7 /* LinklyyTests.xctest */;
			productType = "com.apple.product-type.bundle.unit-test";
		};
/* End PBXNativeTarget section */

/* Begin PBXProject section */
		039775C819C3C567000A7FF7 /* Project object */ = {
			isa = PBXProject;
			attributes = {
				CLASSPREFIX = LNK;
				LastUpgradeCheck = 0510;
				ORGANIZATIONNAME = Linklyy;
				TargetAttributes = {
					039775CF19C3C567000A7FF7 = {
						DevelopmentTeam = LRCHYST593;
						SystemCapabilities = {
							com.apple.InAppPurchase = {
								enabled = 0;
							};
						};
					};
					039775F019C3C567000A7FF7 = {
						TestTargetID = 039775CF19C3C567000A7FF7;
					};
				};
			};
			buildConfigurationList = 039775CB19C3C567000A7FF7 /* Build configuration list for PBXProject "Linklyy" */;
			compatibilityVersion = "Xcode 3.2";
			developmentRegion = English;
			hasScannedForEncodings = 0;
			knownRegions = (
				en,
				Base,
			);
			mainGroup = 039775C719C3C567000A7FF7;
			productRefGroup = 039775D119C3C567000A7FF7 /* Products */;
			projectDirPath = "";
			projectRoot = "";
			targets = (
				039775CF19C3C567000A7FF7 /* Linklyy */,
				039775F019C3C567000A7FF7 /* LinklyyTests */,
			);
		};
/* End PBXProject section */

/* Begin PBXResourcesBuildPhase section */
		039775CE19C3C567000A7FF7 /* Resources */ = {
			isa = PBXResourcesBuildPhase;
			buildActionMask = 2147483647;
			files = (
				039775EC19C3C567000A7FF7 /* Images.xcassets in Resources */,
				039775DE19C3C567000A7FF7 /* InfoPlist.strings in Resources */,
				039775E719C3C567000A7FF7 /* Main.storyboard in Resources */,
			);
			runOnlyForDeploymentPostprocessing = 0;
		};
		039775EF19C3C567000A7FF7 /* Resources */ = {
			isa = PBXResourcesBuildPhase;
			buildActionMask = 2147483647;
			files = (
				039775FD19C3C567000A7FF7 /* InfoPlist.strings in Resources */,
			);
			runOnlyForDeploymentPostprocessing = 0;
		};
/* End PBXResourcesBuildPhase section */

/* Begin PBXShellScriptBuildPhase section */
		B032928F31A64E19BC834EF0 /* Check Pods Manifest.lock */ = {
			isa = PBXShellScriptBuildPhase;
			buildActionMask = 2147483647;
			files = (
			);
			inputPaths = (
			);
			name = "Check Pods Manifest.lock";
			outputPaths = (
			);
			runOnlyForDeploymentPostprocessing = 0;
			shellPath = /bin/sh;
			shellScript = "diff \"${PODS_ROOT}/../Podfile.lock\" \"${PODS_ROOT}/Manifest.lock\" > /dev/null\nif [[ $? != 0 ]] ; then\n    cat << EOM\nerror: The sandbox is not in sync with the Podfile.lock. Run 'pod install' or update your CocoaPods installation.\nEOM\n    exit 1\nfi\n";
			showEnvVarsInLog = 0;
		};
		FF80E4E22D4F46068352FCD7 /* Copy Pods Resources */ = {
			isa = PBXShellScriptBuildPhase;
			buildActionMask = 2147483647;
			files = (
			);
			inputPaths = (
			);
			name = "Copy Pods Resources";
			outputPaths = (
			);
			runOnlyForDeploymentPostprocessing = 0;
			shellPath = /bin/sh;
			shellScript = "\"${SRCROOT}/Pods/Pods-resources.sh\"\n";
			showEnvVarsInLog = 0;
		};
/* End PBXShellScriptBuildPhase section */

/* Begin PBXSourcesBuildPhase section */
		039775CC19C3C567000A7FF7 /* Sources */ = {
			isa = PBXSourcesBuildPhase;
			buildActionMask = 2147483647;
			files = (
				58A96BCC19C43DC2006E2D63 /* LNKEmailViewController.m in Sources */,
				039775E419C3C567000A7FF7 /* LNKAppDelegate.m in Sources */,
				03A7892719C42CC60056ECAD /* LNKSpotifySettingsViewController.m in Sources */,
				03E5353219C3CD57001AE495 /* LNKDataManager.m in Sources */,
				58F0F55C19C45F88000A5C38 /* LNKTwitterSettingsViewController.m in Sources */,
				039775EA19C3C567000A7FF7 /* LNKViewController.m in Sources */,
				58F0F55819C45918000A5C38 /* LNKSMSSettingsViewController.m in Sources */,
				03E5353619C3CD88001AE495 /* LNKLinkManager.m in Sources */,
				03A7892319C428A40056ECAD /* LNKMapsSettingsViewController.m in Sources */,
				038959DB19C414110089E31B /* LNKPhoneSettingsViewController.m in Sources */,
				038959DE19C416B90089E31B /* LNKContactSelectionViewController.m in Sources */,
				036C21F519C48B72004CF459 /* LNKYoutubeSettingsViewController.m in Sources */,
				03FE4E4919C405FA0014FF33 /* LNKAppListViewController.m in Sources */,
				581EF19019C435550039F79D /* LNKFacetimeSettingsViewController.m in Sources */,
				03D7019719C4B05300E4F6A4 /* LNKPinterestSettingsViewController.m in Sources */,
				5813CF4E19C5182A009DFE34 /* LNKYelpSettingsViewController.m in Sources */,
				039775E019C3C567000A7FF7 /* main.m in Sources */,
				581CD8F219C50A25007E10ED /* LNKWzeSettingsViewController.m in Sources */,
				03E5353A19C3F366001AE495 /* NSDictionary+URLEncoding.m in Sources */,
			);
			runOnlyForDeploymentPostprocessing = 0;
		};
		039775ED19C3C567000A7FF7 /* Sources */ = {
			isa = PBXSourcesBuildPhase;
			buildActionMask = 2147483647;
			files = (
				039775FF19C3C567000A7FF7 /* LinklyyTests.m in Sources */,
			);
			runOnlyForDeploymentPostprocessing = 0;
		};
/* End PBXSourcesBuildPhase section */

/* Begin PBXTargetDependency section */
		039775F719C3C567000A7FF7 /* PBXTargetDependency */ = {
			isa = PBXTargetDependency;
			target = 039775CF19C3C567000A7FF7 /* Linklyy */;
			targetProxy = 039775F619C3C567000A7FF7 /* PBXContainerItemProxy */;
		};
/* End PBXTargetDependency section */

/* Begin PBXVariantGroup section */
		039775DC19C3C567000A7FF7 /* InfoPlist.strings */ = {
			isa = PBXVariantGroup;
			children = (
				039775DD19C3C567000A7FF7 /* en */,
			);
			name = InfoPlist.strings;
			sourceTree = "<group>";
		};
		039775E519C3C567000A7FF7 /* Main.storyboard */ = {
			isa = PBXVariantGroup;
			children = (
				039775E619C3C567000A7FF7 /* Base */,
			);
			name = Main.storyboard;
			sourceTree = "<group>";
		};
		039775FB19C3C567000A7FF7 /* InfoPlist.strings */ = {
			isa = PBXVariantGroup;
			children = (
				039775FC19C3C567000A7FF7 /* en */,
			);
			name = InfoPlist.strings;
			sourceTree = "<group>";
		};
/* End PBXVariantGroup section */

/* Begin XCBuildConfiguration section */
		0397760019C3C567000A7FF7 /* Debug */ = {
			isa = XCBuildConfiguration;
			buildSettings = {
				ALWAYS_SEARCH_USER_PATHS = NO;
				CLANG_CXX_LANGUAGE_STANDARD = "gnu++0x";
				CLANG_CXX_LIBRARY = "libc++";
				CLANG_ENABLE_MODULES = YES;
				CLANG_ENABLE_OBJC_ARC = YES;
				CLANG_WARN_BOOL_CONVERSION = YES;
				CLANG_WARN_CONSTANT_CONVERSION = YES;
				CLANG_WARN_DIRECT_OBJC_ISA_USAGE = YES_ERROR;
				CLANG_WARN_EMPTY_BODY = YES;
				CLANG_WARN_ENUM_CONVERSION = YES;
				CLANG_WARN_INT_CONVERSION = YES;
				CLANG_WARN_OBJC_ROOT_CLASS = YES_ERROR;
				CLANG_WARN__DUPLICATE_METHOD_MATCH = YES;
				"CODE_SIGN_IDENTITY[sdk=iphoneos*]" = "iPhone Developer: Peter Bryan (GV22UKXNE3)";
				COPY_PHASE_STRIP = NO;
				GCC_C_LANGUAGE_STANDARD = gnu99;
				GCC_DYNAMIC_NO_PIC = NO;
				GCC_OPTIMIZATION_LEVEL = 0;
				GCC_PREPROCESSOR_DEFINITIONS = (
					"DEBUG=1",
					"$(inherited)",
				);
				GCC_SYMBOLS_PRIVATE_EXTERN = NO;
				GCC_WARN_64_TO_32_BIT_CONVERSION = YES;
				GCC_WARN_ABOUT_RETURN_TYPE = YES_ERROR;
				GCC_WARN_UNDECLARED_SELECTOR = YES;
				GCC_WARN_UNINITIALIZED_AUTOS = YES_AGGRESSIVE;
				GCC_WARN_UNUSED_FUNCTION = YES;
				GCC_WARN_UNUSED_VARIABLE = YES;
				IPHONEOS_DEPLOYMENT_TARGET = 7.1;
				ONLY_ACTIVE_ARCH = YES;
				SDKROOT = iphoneos;
			};
			name = Debug;
		};
		0397760119C3C567000A7FF7 /* Release */ = {
			isa = XCBuildConfiguration;
			buildSettings = {
				ALWAYS_SEARCH_USER_PATHS = NO;
				CLANG_CXX_LANGUAGE_STANDARD = "gnu++0x";
				CLANG_CXX_LIBRARY = "libc++";
				CLANG_ENABLE_MODULES = YES;
				CLANG_ENABLE_OBJC_ARC = YES;
				CLANG_WARN_BOOL_CONVERSION = YES;
				CLANG_WARN_CONSTANT_CONVERSION = YES;
				CLANG_WARN_DIRECT_OBJC_ISA_USAGE = YES_ERROR;
				CLANG_WARN_EMPTY_BODY = YES;
				CLANG_WARN_ENUM_CONVERSION = YES;
				CLANG_WARN_INT_CONVERSION = YES;
				CLANG_WARN_OBJC_ROOT_CLASS = YES_ERROR;
				CLANG_WARN__DUPLICATE_METHOD_MATCH = YES;
				"CODE_SIGN_IDENTITY[sdk=iphoneos*]" = "iPhone Developer: Peter Bryan (GV22UKXNE3)";
				COPY_PHASE_STRIP = YES;
				ENABLE_NS_ASSERTIONS = NO;
				GCC_C_LANGUAGE_STANDARD = gnu99;
				GCC_WARN_64_TO_32_BIT_CONVERSION = YES;
				GCC_WARN_ABOUT_RETURN_TYPE = YES_ERROR;
				GCC_WARN_UNDECLARED_SELECTOR = YES;
				GCC_WARN_UNINITIALIZED_AUTOS = YES_AGGRESSIVE;
				GCC_WARN_UNUSED_FUNCTION = YES;
				GCC_WARN_UNUSED_VARIABLE = YES;
				IPHONEOS_DEPLOYMENT_TARGET = 7.1;
				SDKROOT = iphoneos;
				VALIDATE_PRODUCT = YES;
			};
			name = Release;
		};
		0397760319C3C567000A7FF7 /* Debug */ = {
			isa = XCBuildConfiguration;
			baseConfigurationReference = A6761D3C65B4495FA22B0A78 /* Pods.xcconfig */;
			buildSettings = {
				ASSETCATALOG_COMPILER_APPICON_NAME = AppIcon;
				ASSETCATALOG_COMPILER_LAUNCHIMAGE_NAME = LaunchImage;
				CODE_SIGN_IDENTITY = "iPhone Developer";
				"CODE_SIGN_IDENTITY[sdk=iphoneos*]" = "iPhone Developer";
				FRAMEWORK_SEARCH_PATHS = (
					"$(inherited)",
					"$(PROJECT_DIR)",
				);
				GCC_PRECOMPILE_PREFIX_HEADER = YES;
				GCC_PREFIX_HEADER = "Linklyy/Linklyy-Prefix.pch";
				INFOPLIST_FILE = "Linklyy/Linklyy-Info.plist";
				OTHER_LDFLAGS = (
					"-ObjC",
					"-framework",
					AddressBook,
					"-framework",
					AddressBookUI,
					"-framework",
					CoreGraphics,
					"-framework",
					CoreLocation,
					"-framework",
					UIKit,
				);
				PRODUCT_NAME = "$(TARGET_NAME)";
				PROVISIONING_PROFILE = "";
				WRAPPER_EXTENSION = app;
			};
			name = Debug;
		};
		0397760419C3C567000A7FF7 /* Release */ = {
			isa = XCBuildConfiguration;
			baseConfigurationReference = A6761D3C65B4495FA22B0A78 /* Pods.xcconfig */;
			buildSettings = {
				ASSETCATALOG_COMPILER_APPICON_NAME = AppIcon;
				ASSETCATALOG_COMPILER_LAUNCHIMAGE_NAME = LaunchImage;
				CODE_SIGN_IDENTITY = "iPhone Developer";
				"CODE_SIGN_IDENTITY[sdk=iphoneos*]" = "iPhone Developer";
				FRAMEWORK_SEARCH_PATHS = (
					"$(inherited)",
					"$(PROJECT_DIR)",
				);
				GCC_PRECOMPILE_PREFIX_HEADER = YES;
				GCC_PREFIX_HEADER = "Linklyy/Linklyy-Prefix.pch";
				INFOPLIST_FILE = "Linklyy/Linklyy-Info.plist";
				OTHER_LDFLAGS = (
					"-ObjC",
					"-framework",
					AddressBook,
					"-framework",
					AddressBookUI,
					"-framework",
					CoreGraphics,
					"-framework",
					CoreLocation,
					"-framework",
					UIKit,
				);
				PRODUCT_NAME = "$(TARGET_NAME)";
				PROVISIONING_PROFILE = "";
				WRAPPER_EXTENSION = app;
			};
			name = Release;
		};
		0397760619C3C567000A7FF7 /* Debug */ = {
			isa = XCBuildConfiguration;
			buildSettings = {
				BUNDLE_LOADER = "$(BUILT_PRODUCTS_DIR)/Linklyy.app/Linklyy";
				FRAMEWORK_SEARCH_PATHS = (
					"$(SDKROOT)/Developer/Library/Frameworks",
					"$(inherited)",
					"$(DEVELOPER_FRAMEWORKS_DIR)",
				);
				GCC_PRECOMPILE_PREFIX_HEADER = YES;
				GCC_PREFIX_HEADER = "Linklyy/Linklyy-Prefix.pch";
				GCC_PREPROCESSOR_DEFINITIONS = (
					"DEBUG=1",
					"$(inherited)",
				);
				INFOPLIST_FILE = "LinklyyTests/LinklyyTests-Info.plist";
				PRODUCT_NAME = "$(TARGET_NAME)";
				TEST_HOST = "$(BUNDLE_LOADER)";
				WRAPPER_EXTENSION = xctest;
			};
			name = Debug;
		};
		0397760719C3C567000A7FF7 /* Release */ = {
			isa = XCBuildConfiguration;
			buildSettings = {
				BUNDLE_LOADER = "$(BUILT_PRODUCTS_DIR)/Linklyy.app/Linklyy";
				FRAMEWORK_SEARCH_PATHS = (
					"$(SDKROOT)/Developer/Library/Frameworks",
					"$(inherited)",
					"$(DEVELOPER_FRAMEWORKS_DIR)",
				);
				GCC_PRECOMPILE_PREFIX_HEADER = YES;
				GCC_PREFIX_HEADER = "Linklyy/Linklyy-Prefix.pch";
				INFOPLIST_FILE = "LinklyyTests/LinklyyTests-Info.plist";
				PRODUCT_NAME = "$(TARGET_NAME)";
				TEST_HOST = "$(BUNDLE_LOADER)";
				WRAPPER_EXTENSION = xctest;
			};
			name = Release;
		};
/* End XCBuildConfiguration section */

/* Begin XCConfigurationList section */
		039775CB19C3C567000A7FF7 /* Build configuration list for PBXProject "Linklyy" */ = {
			isa = XCConfigurationList;
			buildConfigurations = (
				0397760019C3C567000A7FF7 /* Debug */,
				0397760119C3C567000A7FF7 /* Release */,
			);
			defaultConfigurationIsVisible = 0;
			defaultConfigurationName = Release;
		};
		0397760219C3C567000A7FF7 /* Build configuration list for PBXNativeTarget "Linklyy" */ = {
			isa = XCConfigurationList;
			buildConfigurations = (
				0397760319C3C567000A7FF7 /* Debug */,
				0397760419C3C567000A7FF7 /* Release */,
			);
			defaultConfigurationIsVisible = 0;
			defaultConfigurationName = Release;
		};
		0397760519C3C567000A7FF7 /* Build configuration list for PBXNativeTarget "LinklyyTests" */ = {
			isa = XCConfigurationList;
			buildConfigurations = (
				0397760619C3C567000A7FF7 /* Debug */,
				0397760719C3C567000A7FF7 /* Release */,
			);
			defaultConfigurationIsVisible = 0;
			defaultConfigurationName = Release;
		};
/* End XCConfigurationList section */
	};
	rootObject = 039775C819C3C567000A7FF7 /* Project object */;
}
