// !$*UTF8*$!
{
	archiveVersion = 1;
	classes = {
	};
	objectVersion = 46;
	objects = {

/* Begin PBXBuildFile section */
		033EBEA719C4D1810091E4D7 /* Foundation.framework in Frameworks */ = {isa = PBXBuildFile; fileRef = 033EBEA619C4D1810091E4D7 /* Foundation.framework */; };
		033EBEA919C4D1810091E4D7 /* CoreGraphics.framework in Frameworks */ = {isa = PBXBuildFile; fileRef = 033EBEA819C4D1810091E4D7 /* CoreGraphics.framework */; };
		033EBEAB19C4D1810091E4D7 /* UIKit.framework in Frameworks */ = {isa = PBXBuildFile; fileRef = 033EBEAA19C4D1810091E4D7 /* UIKit.framework */; };
		033EBEB119C4D1810091E4D7 /* InfoPlist.strings in Resources */ = {isa = PBXBuildFile; fileRef = 033EBEAF19C4D1810091E4D7 /* InfoPlist.strings */; };
		033EBEB319C4D1810091E4D7 /* main.m in Sources */ = {isa = PBXBuildFile; fileRef = 033EBEB219C4D1810091E4D7 /* main.m */; };
		033EBEB719C4D1810091E4D7 /* TSTAppDelegate.m in Sources */ = {isa = PBXBuildFile; fileRef = 033EBEB619C4D1810091E4D7 /* TSTAppDelegate.m */; };
		033EBEBA19C4D1810091E4D7 /* Main.storyboard in Resources */ = {isa = PBXBuildFile; fileRef = 033EBEB819C4D1810091E4D7 /* Main.storyboard */; };
		033EBEBD19C4D1810091E4D7 /* TSTViewController.m in Sources */ = {isa = PBXBuildFile; fileRef = 033EBEBC19C4D1810091E4D7 /* TSTViewController.m */; };
		033EBEBF19C4D1810091E4D7 /* Images.xcassets in Resources */ = {isa = PBXBuildFile; fileRef = 033EBEBE19C4D1810091E4D7 /* Images.xcassets */; };
		033EBEC619C4D1810091E4D7 /* XCTest.framework in Frameworks */ = {isa = PBXBuildFile; fileRef = 033EBEC519C4D1810091E4D7 /* XCTest.framework */; };
		033EBEC719C4D1810091E4D7 /* Foundation.framework in Frameworks */ = {isa = PBXBuildFile; fileRef = 033EBEA619C4D1810091E4D7 /* Foundation.framework */; };
		033EBEC819C4D1810091E4D7 /* UIKit.framework in Frameworks */ = {isa = PBXBuildFile; fileRef = 033EBEAA19C4D1810091E4D7 /* UIKit.framework */; };
		033EBED019C4D1810091E4D7 /* InfoPlist.strings in Resources */ = {isa = PBXBuildFile; fileRef = 033EBECE19C4D1810091E4D7 /* InfoPlist.strings */; };
		033EBED219C4D1810091E4D7 /* mobilesafariTests.m in Sources */ = {isa = PBXBuildFile; fileRef = 033EBED119C4D1810091E4D7 /* mobilesafariTests.m */; };
/* End PBXBuildFile section */

/* Begin PBXContainerItemProxy section */
		033EBEC919C4D1810091E4D7 /* PBXContainerItemProxy */ = {
			isa = PBXContainerItemProxy;
			containerPortal = 033EBE9B19C4D1810091E4D7 /* Project object */;
			proxyType = 1;
			remoteGlobalIDString = 033EBEA219C4D1810091E4D7;
			remoteInfo = mobilesafari;
		};
/* End PBXContainerItemProxy section */

/* Begin PBXFileReference section */
		033EBEA319C4D1810091E4D7 /* mobilesafari.app */ = {isa = PBXFileReference; explicitFileType = wrapper.application; includeInIndex = 0; path = mobilesafari.app; sourceTree = BUILT_PRODUCTS_DIR; };
		033EBEA619C4D1810091E4D7 /* Foundation.framework */ = {isa = PBXFileReference; lastKnownFileType = wrapper.framework; name = Foundation.framework; path = System/Library/Frameworks/Foundation.framework; sourceTree = SDKROOT; };
		033EBEA819C4D1810091E4D7 /* CoreGraphics.framework */ = {isa = PBXFileReference; lastKnownFileType = wrapper.framework; name = CoreGraphics.framework; path = System/Library/Frameworks/CoreGraphics.framework; sourceTree = SDKROOT; };
		033EBEAA19C4D1810091E4D7 /* UIKit.framework */ = {isa = PBXFileReference; lastKnownFileType = wrapper.framework; name = UIKit.framework; path = System/Library/Frameworks/UIKit.framework; sourceTree = SDKROOT; };
		033EBEAE19C4D1810091E4D7 /* mobilesafari-Info.plist */ = {isa = PBXFileReference; lastKnownFileType = text.plist.xml; path = "mobilesafari-Info.plist"; sourceTree = "<group>"; };
		033EBEB019C4D1810091E4D7 /* en */ = {isa = PBXFileReference; lastKnownFileType = text.plist.strings; name = en; path = en.lproj/InfoPlist.strings; sourceTree = "<group>"; };
		033EBEB219C4D1810091E4D7 /* main.m */ = {isa = PBXFileReference; lastKnownFileType = sourcecode.c.objc; path = main.m; sourceTree = "<group>"; };
		033EBEB419C4D1810091E4D7 /* mobilesafari-Prefix.pch */ = {isa = PBXFileReference; lastKnownFileType = sourcecode.c.h; path = "mobilesafari-Prefix.pch"; sourceTree = "<group>"; };
		033EBEB519C4D1810091E4D7 /* TSTAppDelegate.h */ = {isa = PBXFileReference; lastKnownFileType = sourcecode.c.h; path = TSTAppDelegate.h; sourceTree = "<group>"; };
		033EBEB619C4D1810091E4D7 /* TSTAppDelegate.m */ = {isa = PBXFileReference; lastKnownFileType = sourcecode.c.objc; path = TSTAppDelegate.m; sourceTree = "<group>"; };
		033EBEB919C4D1810091E4D7 /* Base */ = {isa = PBXFileReference; lastKnownFileType = file.storyboard; name = Base; path = Base.lproj/Main.storyboard; sourceTree = "<group>"; };
		033EBEBB19C4D1810091E4D7 /* TSTViewController.h */ = {isa = PBXFileReference; lastKnownFileType = sourcecode.c.h; path = TSTViewController.h; sourceTree = "<group>"; };
		033EBEBC19C4D1810091E4D7 /* TSTViewController.m */ = {isa = PBXFileReference; lastKnownFileType = sourcecode.c.objc; path = TSTViewController.m; sourceTree = "<group>"; };
		033EBEBE19C4D1810091E4D7 /* Images.xcassets */ = {isa = PBXFileReference; lastKnownFileType = folder.assetcatalog; path = Images.xcassets; sourceTree = "<group>"; };
		033EBEC419C4D1810091E4D7 /* mobilesafariTests.xctest */ = {isa = PBXFileReference; explicitFileType = wrapper.cfbundle; includeInIndex = 0; path = mobilesafariTests.xctest; sourceTree = BUILT_PRODUCTS_DIR; };
		033EBEC519C4D1810091E4D7 /* XCTest.framework */ = {isa = PBXFileReference; lastKnownFileType = wrapper.framework; name = XCTest.framework; path = Library/Frameworks/XCTest.framework; sourceTree = DEVELOPER_DIR; };
		033EBECD19C4D1810091E4D7 /* mobilesafariTests-Info.plist */ = {isa = PBXFileReference; lastKnownFileType = text.plist.xml; path = "mobilesafariTests-Info.plist"; sourceTree = "<group>"; };
		033EBECF19C4D1810091E4D7 /* en */ = {isa = PBXFileReference; lastKnownFileType = text.plist.strings; name = en; path = en.lproj/InfoPlist.strings; sourceTree = "<group>"; };
		033EBED119C4D1810091E4D7 /* mobilesafariTests.m */ = {isa = PBXFileReference; lastKnownFileType = sourcecode.c.objc; path = mobilesafariTests.m; sourceTree = "<group>"; };
/* End PBXFileReference section */

/* Begin PBXFrameworksBuildPhase section */
		033EBEA019C4D1810091E4D7 /* Frameworks */ = {
			isa = PBXFrameworksBuildPhase;
			buildActionMask = 2147483647;
			files = (
				033EBEA919C4D1810091E4D7 /* CoreGraphics.framework in Frameworks */,
				033EBEAB19C4D1810091E4D7 /* UIKit.framework in Frameworks */,
				033EBEA719C4D1810091E4D7 /* Foundation.framework in Frameworks */,
			);
			runOnlyForDeploymentPostprocessing = 0;
		};
		033EBEC119C4D1810091E4D7 /* Frameworks */ = {
			isa = PBXFrameworksBuildPhase;
			buildActionMask = 2147483647;
			files = (
				033EBEC619C4D1810091E4D7 /* XCTest.framework in Frameworks */,
				033EBEC819C4D1810091E4D7 /* UIKit.framework in Frameworks */,
				033EBEC719C4D1810091E4D7 /* Foundation.framework in Frameworks */,
			);
			runOnlyForDeploymentPostprocessing = 0;
		};
/* End PBXFrameworksBuildPhase section */

/* Begin PBXGroup section */
		033EBE9A19C4D1810091E4D7 = {
			isa = PBXGroup;
			children = (
				033EBEAC19C4D1810091E4D7 /* mobilesafari */,
				033EBECB19C4D1810091E4D7 /* mobilesafariTests */,
				033EBEA519C4D1810091E4D7 /* Frameworks */,
				033EBEA419C4D1810091E4D7 /* Products */,
			);
			sourceTree = "<group>";
		};
		033EBEA419C4D1810091E4D7 /* Products */ = {
			isa = PBXGroup;
			children = (
				033EBEA319C4D1810091E4D7 /* mobilesafari.app */,
				033EBEC419C4D1810091E4D7 /* mobilesafariTests.xctest */,
			);
			name = Products;
			sourceTree = "<group>";
		};
		033EBEA519C4D1810091E4D7 /* Frameworks */ = {
			isa = PBXGroup;
			children = (
				033EBEA619C4D1810091E4D7 /* Foundation.framework */,
				033EBEA819C4D1810091E4D7 /* CoreGraphics.framework */,
				033EBEAA19C4D1810091E4D7 /* UIKit.framework */,
				033EBEC519C4D1810091E4D7 /* XCTest.framework */,
			);
			name = Frameworks;
			sourceTree = "<group>";
		};
		033EBEAC19C4D1810091E4D7 /* mobilesafari */ = {
			isa = PBXGroup;
			children = (
				033EBEB519C4D1810091E4D7 /* TSTAppDelegate.h */,
				033EBEB619C4D1810091E4D7 /* TSTAppDelegate.m */,
				033EBEB819C4D1810091E4D7 /* Main.storyboard */,
				033EBEBB19C4D1810091E4D7 /* TSTViewController.h */,
				033EBEBC19C4D1810091E4D7 /* TSTViewController.m */,
				033EBEBE19C4D1810091E4D7 /* Images.xcassets */,
				033EBEAD19C4D1810091E4D7 /* Supporting Files */,
			);
			path = mobilesafari;
			sourceTree = "<group>";
		};
		033EBEAD19C4D1810091E4D7 /* Supporting Files */ = {
			isa = PBXGroup;
			children = (
				033EBEAE19C4D1810091E4D7 /* mobilesafari-Info.plist */,
				033EBEAF19C4D1810091E4D7 /* InfoPlist.strings */,
				033EBEB219C4D1810091E4D7 /* main.m */,
				033EBEB419C4D1810091E4D7 /* mobilesafari-Prefix.pch */,
			);
			name = "Supporting Files";
			sourceTree = "<group>";
		};
		033EBECB19C4D1810091E4D7 /* mobilesafariTests */ = {
			isa = PBXGroup;
			children = (
				033EBED119C4D1810091E4D7 /* mobilesafariTests.m */,
				033EBECC19C4D1810091E4D7 /* Supporting Files */,
			);
			path = mobilesafariTests;
			sourceTree = "<group>";
		};
		033EBECC19C4D1810091E4D7 /* Supporting Files */ = {
			isa = PBXGroup;
			children = (
				033EBECD19C4D1810091E4D7 /* mobilesafariTests-Info.plist */,
				033EBECE19C4D1810091E4D7 /* InfoPlist.strings */,
			);
			name = "Supporting Files";
			sourceTree = "<group>";
		};
/* End PBXGroup section */

/* Begin PBXNativeTarget section */
		033EBEA219C4D1810091E4D7 /* mobilesafari */ = {
			isa = PBXNativeTarget;
			buildConfigurationList = 033EBED519C4D1810091E4D7 /* Build configuration list for PBXNativeTarget "mobilesafari" */;
			buildPhases = (
				033EBE9F19C4D1810091E4D7 /* Sources */,
				033EBEA019C4D1810091E4D7 /* Frameworks */,
				033EBEA119C4D1810091E4D7 /* Resources */,
			);
			buildRules = (
			);
			dependencies = (
			);
			name = mobilesafari;
			productName = mobilesafari;
			productReference = 033EBEA319C4D1810091E4D7 /* mobilesafari.app */;
			productType = "com.apple.product-type.application";
		};
		033EBEC319C4D1810091E4D7 /* mobilesafariTests */ = {
			isa = PBXNativeTarget;
			buildConfigurationList = 033EBED819C4D1810091E4D7 /* Build configuration list for PBXNativeTarget "mobilesafariTests" */;
			buildPhases = (
				033EBEC019C4D1810091E4D7 /* Sources */,
				033EBEC119C4D1810091E4D7 /* Frameworks */,
				033EBEC219C4D1810091E4D7 /* Resources */,
			);
			buildRules = (
			);
			dependencies = (
				033EBECA19C4D1810091E4D7 /* PBXTargetDependency */,
			);
			name = mobilesafariTests;
			productName = mobilesafariTests;
			productReference = 033EBEC419C4D1810091E4D7 /* mobilesafariTests.xctest */;
			productType = "com.apple.product-type.bundle.unit-test";
		};
/* End PBXNativeTarget section */

/* Begin PBXProject section */
		033EBE9B19C4D1810091E4D7 /* Project object */ = {
			isa = PBXProject;
			attributes = {
				CLASSPREFIX = TST;
				LastUpgradeCheck = 0510;
				TargetAttributes = {
					033EBEC319C4D1810091E4D7 = {
						TestTargetID = 033EBEA219C4D1810091E4D7;
					};
				};
			};
			buildConfigurationList = 033EBE9E19C4D1810091E4D7 /* Build configuration list for PBXProject "mobilesafari" */;
			compatibilityVersion = "Xcode 3.2";
			developmentRegion = English;
			hasScannedForEncodings = 0;
			knownRegions = (
				en,
				Base,
			);
			mainGroup = 033EBE9A19C4D1810091E4D7;
			productRefGroup = 033EBEA419C4D1810091E4D7 /* Products */;
			projectDirPath = "";
			projectRoot = "";
			targets = (
				033EBEA219C4D1810091E4D7 /* mobilesafari */,
				033EBEC319C4D1810091E4D7 /* mobilesafariTests */,
			);
		};
/* End PBXProject section */

/* Begin PBXResourcesBuildPhase section */
		033EBEA119C4D1810091E4D7 /* Resources */ = {
			isa = PBXResourcesBuildPhase;
			buildActionMask = 2147483647;
			files = (
				033EBEBF19C4D1810091E4D7 /* Images.xcassets in Resources */,
				033EBEB119C4D1810091E4D7 /* InfoPlist.strings in Resources */,
				033EBEBA19C4D1810091E4D7 /* Main.storyboard in Resources */,
			);
			runOnlyForDeploymentPostprocessing = 0;
		};
		033EBEC219C4D1810091E4D7 /* Resources */ = {
			isa = PBXResourcesBuildPhase;
			buildActionMask = 2147483647;
			files = (
				033EBED019C4D1810091E4D7 /* InfoPlist.strings in Resources */,
			);
			runOnlyForDeploymentPostprocessing = 0;
		};
/* End PBXResourcesBuildPhase section */

/* Begin PBXSourcesBuildPhase section */
		033EBE9F19C4D1810091E4D7 /* Sources */ = {
			isa = PBXSourcesBuildPhase;
			buildActionMask = 2147483647;
			files = (
				033EBEB719C4D1810091E4D7 /* TSTAppDelegate.m in Sources */,
				033EBEBD19C4D1810091E4D7 /* TSTViewController.m in Sources */,
				033EBEB319C4D1810091E4D7 /* main.m in Sources */,
			);
			runOnlyForDeploymentPostprocessing = 0;
		};
		033EBEC019C4D1810091E4D7 /* Sources */ = {
			isa = PBXSourcesBuildPhase;
			buildActionMask = 2147483647;
			files = (
				033EBED219C4D1810091E4D7 /* mobilesafariTests.m in Sources */,
			);
			runOnlyForDeploymentPostprocessing = 0;
		};
/* End PBXSourcesBuildPhase section */

/* Begin PBXTargetDependency section */
		033EBECA19C4D1810091E4D7 /* PBXTargetDependency */ = {
			isa = PBXTargetDependency;
			target = 033EBEA219C4D1810091E4D7 /* mobilesafari */;
			targetProxy = 033EBEC919C4D1810091E4D7 /* PBXContainerItemProxy */;
		};
/* End PBXTargetDependency section */

/* Begin PBXVariantGroup section */
		033EBEAF19C4D1810091E4D7 /* InfoPlist.strings */ = {
			isa = PBXVariantGroup;
			children = (
				033EBEB019C4D1810091E4D7 /* en */,
			);
			name = InfoPlist.strings;
			sourceTree = "<group>";
		};
		033EBEB819C4D1810091E4D7 /* Main.storyboard */ = {
			isa = PBXVariantGroup;
			children = (
				033EBEB919C4D1810091E4D7 /* Base */,
			);
			name = Main.storyboard;
			sourceTree = "<group>";
		};
		033EBECE19C4D1810091E4D7 /* InfoPlist.strings */ = {
			isa = PBXVariantGroup;
			children = (
				033EBECF19C4D1810091E4D7 /* en */,
			);
			name = InfoPlist.strings;
			sourceTree = "<group>";
		};
/* End PBXVariantGroup section */

/* Begin XCBuildConfiguration section */
		033EBED319C4D1810091E4D7 /* Debug */ = {
			isa = XCBuildConfiguration;
			buildSettings = {
				ALWAYS_SEARCH_USER_PATHS = NO;
				CLANG_CXX_LANGUAGE_STANDARD = "gnu++0x";
				CLANG_CXX_LIBRARY = "libc++";
				CLANG_ENABLE_MODULES = YES;
				CLANG_ENABLE_OBJC_ARC = YES;
				CLANG_WARN_BOOL_CONVERSION = YES;
				CLANG_WARN_CONSTANT_CONVERSION = YES;
				CLANG_WARN_DIRECT_OBJC_ISA_USAGE = YES_ERROR;
				CLANG_WARN_EMPTY_BODY = YES;
				CLANG_WARN_ENUM_CONVERSION = YES;
				CLANG_WARN_INT_CONVERSION = YES;
				CLANG_WARN_OBJC_ROOT_CLASS = YES_ERROR;
				CLANG_WARN__DUPLICATE_METHOD_MATCH = YES;
				"CODE_SIGN_IDENTITY[sdk=iphoneos*]" = "iPhone Developer";
				COPY_PHASE_STRIP = NO;
				GCC_C_LANGUAGE_STANDARD = gnu99;
				GCC_DYNAMIC_NO_PIC = NO;
				GCC_OPTIMIZATION_LEVEL = 0;
				GCC_PREPROCESSOR_DEFINITIONS = (
					"DEBUG=1",
					"$(inherited)",
				);
				GCC_SYMBOLS_PRIVATE_EXTERN = NO;
				GCC_WARN_64_TO_32_BIT_CONVERSION = YES;
				GCC_WARN_ABOUT_RETURN_TYPE = YES_ERROR;
				GCC_WARN_UNDECLARED_SELECTOR = YES;
				GCC_WARN_UNINITIALIZED_AUTOS = YES_AGGRESSIVE;
				GCC_WARN_UNUSED_FUNCTION = YES;
				GCC_WARN_UNUSED_VARIABLE = YES;
				IPHONEOS_DEPLOYMENT_TARGET = 7.1;
				ONLY_ACTIVE_ARCH = YES;
				SDKROOT = iphoneos;
			};
			name = Debug;
		};
		033EBED419C4D1810091E4D7 /* Release */ = {
			isa = XCBuildConfiguration;
			buildSettings = {
				ALWAYS_SEARCH_USER_PATHS = NO;
				CLANG_CXX_LANGUAGE_STANDARD = "gnu++0x";
				CLANG_CXX_LIBRARY = "libc++";
				CLANG_ENABLE_MODULES = YES;
				CLANG_ENABLE_OBJC_ARC = YES;
				CLANG_WARN_BOOL_CONVERSION = YES;
				CLANG_WARN_CONSTANT_CONVERSION = YES;
				CLANG_WARN_DIRECT_OBJC_ISA_USAGE = YES_ERROR;
				CLANG_WARN_EMPTY_BODY = YES;
				CLANG_WARN_ENUM_CONVERSION = YES;
				CLANG_WARN_INT_CONVERSION = YES;
				CLANG_WARN_OBJC_ROOT_CLASS = YES_ERROR;
				CLANG_WARN__DUPLICATE_METHOD_MATCH = YES;
				"CODE_SIGN_IDENTITY[sdk=iphoneos*]" = "iPhone Developer";
				COPY_PHASE_STRIP = YES;
				ENABLE_NS_ASSERTIONS = NO;
				GCC_C_LANGUAGE_STANDARD = gnu99;
				GCC_WARN_64_TO_32_BIT_CONVERSION = YES;
				GCC_WARN_ABOUT_RETURN_TYPE = YES_ERROR;
				GCC_WARN_UNDECLARED_SELECTOR = YES;
				GCC_WARN_UNINITIALIZED_AUTOS = YES_AGGRESSIVE;
				GCC_WARN_UNUSED_FUNCTION = YES;
				GCC_WARN_UNUSED_VARIABLE = YES;
				IPHONEOS_DEPLOYMENT_TARGET = 7.1;
				SDKROOT = iphoneos;
				VALIDATE_PRODUCT = YES;
			};
			name = Release;
		};
		033EBED619C4D1810091E4D7 /* Debug */ = {
			isa = XCBuildConfiguration;
			buildSettings = {
				ASSETCATALOG_COMPILER_APPICON_NAME = AppIcon;
				ASSETCATALOG_COMPILER_LAUNCHIMAGE_NAME = LaunchImage;
				GCC_PRECOMPILE_PREFIX_HEADER = YES;
				GCC_PREFIX_HEADER = "mobilesafari/mobilesafari-Prefix.pch";
				INFOPLIST_FILE = "mobilesafari/mobilesafari-Info.plist";
				PRODUCT_NAME = "$(TARGET_NAME)";
				WRAPPER_EXTENSION = app;
			};
			name = Debug;
		};
		033EBED719C4D1810091E4D7 /* Release */ = {
			isa = XCBuildConfiguration;
			buildSettings = {
				ASSETCATALOG_COMPILER_APPICON_NAME = AppIcon;
				ASSETCATALOG_COMPILER_LAUNCHIMAGE_NAME = LaunchImage;
				GCC_PRECOMPILE_PREFIX_HEADER = YES;
				GCC_PREFIX_HEADER = "mobilesafari/mobilesafari-Prefix.pch";
				INFOPLIST_FILE = "mobilesafari/mobilesafari-Info.plist";
				PRODUCT_NAME = "$(TARGET_NAME)";
				WRAPPER_EXTENSION = app;
			};
			name = Release;
		};
		033EBED919C4D1810091E4D7 /* Debug */ = {
			isa = XCBuildConfiguration;
			buildSettings = {
				BUNDLE_LOADER = "$(BUILT_PRODUCTS_DIR)/mobilesafari.app/mobilesafari";
				FRAMEWORK_SEARCH_PATHS = (
					"$(SDKROOT)/Developer/Library/Frameworks",
					"$(inherited)",
					"$(DEVELOPER_FRAMEWORKS_DIR)",
				);
				GCC_PRECOMPILE_PREFIX_HEADER = YES;
				GCC_PREFIX_HEADER = "mobilesafari/mobilesafari-Prefix.pch";
				GCC_PREPROCESSOR_DEFINITIONS = (
					"DEBUG=1",
					"$(inherited)",
				);
				INFOPLIST_FILE = "mobilesafariTests/mobilesafariTests-Info.plist";
				PRODUCT_NAME = "$(TARGET_NAME)";
				TEST_HOST = "$(BUNDLE_LOADER)";
				WRAPPER_EXTENSION = xctest;
			};
			name = Debug;
		};
		033EBEDA19C4D1810091E4D7 /* Release */ = {
			isa = XCBuildConfiguration;
			buildSettings = {
				BUNDLE_LOADER = "$(BUILT_PRODUCTS_DIR)/mobilesafari.app/mobilesafari";
				FRAMEWORK_SEARCH_PATHS = (
					"$(SDKROOT)/Developer/Library/Frameworks",
					"$(inherited)",
					"$(DEVELOPER_FRAMEWORKS_DIR)",
				);
				GCC_PRECOMPILE_PREFIX_HEADER = YES;
				GCC_PREFIX_HEADER = "mobilesafari/mobilesafari-Prefix.pch";
				INFOPLIST_FILE = "mobilesafariTests/mobilesafariTests-Info.plist";
				PRODUCT_NAME = "$(TARGET_NAME)";
				TEST_HOST = "$(BUNDLE_LOADER)";
				WRAPPER_EXTENSION = xctest;
			};
			name = Release;
		};
/* End XCBuildConfiguration section */

/* Begin XCConfigurationList section */
		033EBE9E19C4D1810091E4D7 /* Build configuration list for PBXProject "mobilesafari" */ = {
			isa = XCConfigurationList;
			buildConfigurations = (
				033EBED319C4D1810091E4D7 /* Debug */,
				033EBED419C4D1810091E4D7 /* Release */,
			);
			defaultConfigurationIsVisible = 0;
			defaultConfigurationName = Release;
		};
		033EBED519C4D1810091E4D7 /* Build configuration list for PBXNativeTarget "mobilesafari" */ = {
			isa = XCConfigurationList;
			buildConfigurations = (
				033EBED619C4D1810091E4D7 /* Debug */,
				033EBED719C4D1810091E4D7 /* Release */,
			);
			defaultConfigurationIsVisible = 0;
		};
		033EBED819C4D1810091E4D7 /* Build configuration list for PBXNativeTarget "mobilesafariTests" */ = {
			isa = XCConfigurationList;
			buildConfigurations = (
				033EBED919C4D1810091E4D7 /* Debug */,
				033EBEDA19C4D1810091E4D7 /* Release */,
			);
			defaultConfigurationIsVisible = 0;
		};
/* End XCConfigurationList section */
	};
	rootObject = 033EBE9B19C4D1810091E4D7 /* Project object */;
}
